Microsoft Visual Studio Solution File, Format Version 10.00
# Visual C++ Express 2008
Project("{8BC9CEB8-8B4A-11D0-8D11-00A0C91BC942}") = "UniversalIndentGUI", "src\UniversalIndentGUI.vcproj", "{CF521500-824E-4DB7-A7FA-F4A8B6BB008A}"
EndProject
Project("{8BC9CEB8-8B4A-11D0-8D11-00A0C91BC942}") = "UniversalIndentGUI_NPP", "src\UniversalIndentGUI_NPP\UniversalIndentGUI_NPP.vcproj", "{0A9F9D63-C282-4AE8-9F80-A6D5F541AD12}"
EndProject
Project("{8BC9CEB8-8B4A-11D0-8D11-00A0C91BC942}") = "UiGUI_Server_Test_Client", "src\UiGUI_Server_Test_Client\UiGUI_Server_Test_Client.vcproj", "{DE19ED58-2330-4B86-AFD1-18A4A037E488}"
EndProject
Global
	GlobalSection(SolutionConfigurationPlatforms) = preSolution
		Debug|Win32 = Debug|Win32
		Release|Win32 = Release|Win32
	EndGlobalSection
	GlobalSection(ProjectConfigurationPlatforms) = postSolution
		{CF521500-824E-4DB7-A7FA-F4A8B6BB008A}.Debug|Win32.ActiveCfg = Debug|Win32
		{CF521500-824E-4DB7-A7FA-F4A8B6BB008A}.Debug|Win32.Build.0 = Debug|Win32
		{CF521500-824E-4DB7-A7FA-F4A8B6BB008A}.Release|Win32.ActiveCfg = Release|Win32
		{CF521500-824E-4DB7-A7FA-F4A8B6BB008A}.Release|Win32.Build.0 = Release|Win32
		{0A9F9D63-C282-4AE8-9F80-A6D5F541AD12}.Debug|Win32.ActiveCfg = Debug|Win32
		{0A9F9D63-C282-4AE8-9F80-A6D5F541AD12}.Debug|Win32.Build.0 = Debug|Win32
		{0A9F9D63-C282-4AE8-9F80-A6D5F541AD12}.Release|Win32.ActiveCfg = Release|Win32
		{0A9F9D63-C282-4AE8-9F80-A6D5F541AD12}.Release|Win32.Build.0 = Release|Win32
		{DE19ED58-2330-4B86-AFD1-18A4A037E488}.Debug|Win32.ActiveCfg = Debug|Win32
		{DE19ED58-2330-4B86-AFD1-18A4A037E488}.Debug|Win32.Build.0 = Debug|Win32
		{DE19ED58-2330-4B86-AFD1-18A4A037E488}.Release|Win32.ActiveCfg = Release|Win32
		{DE19ED58-2330-4B86-AFD1-18A4A037E488}.Release|Win32.Build.0 = Release|Win32
	EndGlobalSection
	GlobalSection(SolutionProperties) = preSolution
		HideSolutionNode = FALSE
	EndGlobalSection
EndGlobal
